
Microsoft Visual Studio Solution File, Format Version 12.00
# Visual Studio Version 17
VisualStudioVersion = 17.4.33205.214
MinimumVisualStudioVersion = 10.0.40219.1
Project("{9A19103F-16F7-4668-BE54-9A1E7A4F7556}") = "CorporateDb.Server", "Server\CorporateDb.Server.csproj", "{2B0D4C0A-681B-48E2-ADDF-5345870771BA}"
EndProject
Project("{9A19103F-16F7-4668-BE54-9A1E7A4F7556}") = "CorporateDb.Client", "Client\CorporateDb.Client.csproj", "{D39C0B6F-6460-4118-93BF-8909FC05F495}"
EndProject
Project("{9A19103F-16F7-4668-BE54-9A1E7A4F7556}") = "CorporateDb.Shared", "Shared\CorporateDb.Shared.csproj", "{8B3C108C-C2A2-4AF5-B253-A820EE8A40EF}"
EndProject
Global
	GlobalSection(SolutionConfigurationPlatforms) = preSolution
		Debug|Any CPU = Debug|Any CPU
		Release|Any CPU = Release|Any CPU
	EndGlobalSection
	GlobalSection(ProjectConfigurationPlatforms) = postSolution
		{2B0D4C0A-681B-48E2-ADDF-5345870771BA}.Debug|Any CPU.ActiveCfg = Debug|Any CPU
		{2B0D4C0A-681B-48E2-ADDF-5345870771BA}.Debug|Any CPU.Build.0 = Debug|Any CPU
		{2B0D4C0A-681B-48E2-ADDF-5345870771BA}.Release|Any CPU.ActiveCfg = Release|Any CPU
		{2B0D4C0A-681B-48E2-ADDF-5345870771BA}.Release|Any CPU.Build.0 = Release|Any CPU
		{D39C0B6F-6460-4118-93BF-8909FC05F495}.Debug|Any CPU.ActiveCfg = Debug|Any CPU
		{D39C0B6F-6460-4118-93BF-8909FC05F495}.Debug|Any CPU.Build.0 = Debug|Any CPU
		{D39C0B6F-6460-4118-93BF-8909FC05F495}.Release|Any CPU.ActiveCfg = Release|Any CPU
		{D39C0B6F-6460-4118-93BF-8909FC05F495}.Release|Any CPU.Build.0 = Release|Any CPU
		{8B3C108C-C2A2-4AF5-B253-A820EE8A40EF}.Debug|Any CPU.ActiveCfg = Debug|Any CPU
		{8B3C108C-C2A2-4AF5-B253-A820EE8A40EF}.Debug|Any CPU.Build.0 = Debug|Any CPU
		{8B3C108C-C2A2-4AF5-B253-A820EE8A40EF}.Release|Any CPU.ActiveCfg = Release|Any CPU
		{8B3C108C-C2A2-4AF5-B253-A820EE8A40EF}.Release|Any CPU.Build.0 = Release|Any CPU
	EndGlobalSection
	GlobalSection(SolutionProperties) = preSolution
		HideSolutionNode = FALSE
	EndGlobalSection
	GlobalSection(ExtensibilityGlobals) = postSolution
		SolutionGuid = {590017A4-C69F-4FF3-B6FE-2F0D4DF90B51}
	EndGlobalSection
EndGlobal
